PODS:
  - JSONKit (1.5pre)
  - MBProgressHUD (0.9.1)
  - RMMapper (1.1.5)

DEPENDENCIES:
  - JSONKit (~> 1.5pre)
  - MBProgressHUD (~> 0.9.1)
  - RMMapper (~> 1.1.5)

SPEC CHECKSUMS:
  JSONKit: bae313ce6a6c444f40489a6c0b023f399888871f
  MBProgressHUD: c47f2c166c126cf2ce36498d80f33e754d4e93ad
  RMMapper: 21122d753c736d975f6c61e674afce8db73579af

COCOAPODS: 0.39.0
